
Microsoft Visual Studio Solution File, Format Version 12.00
# Visual Studio Version 16
VisualStudioVersion = 16.0.31613.86
MinimumVisualStudioVersion = 10.0.40219.1
Project("{FAE04EC0-301F-11D3-BF4B-00C04F79EFBC}") = "Senai_InLock_WebApi", "Senai_InLock_WebApi\Senai_InLock_WebApi.csproj", "{89612129-E55B-49A7-A4CA-06982E7B288E}"
EndProject
Global
	GlobalSection(SolutionConfigurationPlatforms) = preSolution
		Debug|Any CPU = Debug|Any CPU
		Release|Any CPU = Release|Any CPU
	EndGlobalSection
	GlobalSection(ProjectConfigurationPlatforms) = postSolution
		{89612129-E55B-49A7-A4CA-06982E7B288E}.Debug|Any CPU.ActiveCfg = Debug|Any CPU
		{89612129-E55B-49A7-A4CA-06982E7B288E}.Debug|Any CPU.Build.0 = Debug|Any CPU
		{89612129-E55B-49A7-A4CA-06982E7B288E}.Release|Any CPU.ActiveCfg = Release|Any CPU
		{89612129-E55B-49A7-A4CA-06982E7B288E}.Release|Any CPU.Build.0 = Release|Any CPU
	EndGlobalSection
	GlobalSection(SolutionProperties) = preSolution
		HideSolutionNode = FALSE
	EndGlobalSection
	GlobalSection(ExtensibilityGlobals) = postSolution
		SolutionGuid = {97B90301-06A0-409A-8FB0-BA3A5E4616FC}
	EndGlobalSection
EndGlobal
